Microsoft Visual Studio Solution File, Format Version 12.00
# Visual Studio Version 17
VisualStudioVersion = 17.5.2.0
MinimumVisualStudioVersion = 10.0.40219.1
Project("{FAE04EC0-301F-11D3-BF4B-00C04F79EFBC}") = "agendamento-consulta-medica", "agendamento-consulta-medica.csproj", "{1B1D2658-4DED-F1C2-6971-0AE51EC50CCC}"
EndProject
Global
	GlobalSection(SolutionConfigurationPlatforms) = preSolution
		Debug|Any CPU = Debug|Any CPU
		Release|Any CPU = Release|Any CPU
	EndGlobalSection
	GlobalSection(ProjectConfigurationPlatforms) = postSolution
		{1B1D2658-4DED-F1C2-6971-0AE51EC50CCC}.Debug|Any CPU.ActiveCfg = Debug|Any CPU
		{1B1D2658-4DED-F1C2-6971-0AE51EC50CCC}.Debug|Any CPU.Build.0 = Debug|Any CPU
		{1B1D2658-4DED-F1C2-6971-0AE51EC50CCC}.Release|Any CPU.ActiveCfg = Release|Any CPU
		{1B1D2658-4DED-F1C2-6971-0AE51EC50CCC}.Release|Any CPU.Build.0 = Release|Any CPU
	EndGlobalSection
	GlobalSection(SolutionProperties) = preSolution
		HideSolutionNode = FALSE
	EndGlobalSection
	GlobalSection(ExtensibilityGlobals) = postSolution
		SolutionGuid = {2EB49110-6A00-4F53-B886-DEE6FF3B86BD}
	EndGlobalSection
EndGlobal
